
Microsoft Visual Studio Solution File, Format Version 12.00
# Visual Studio Version 17
VisualStudioVersion = 17.13.35931.197 d17.13
MinimumVisualStudioVersion = 10.0.40219.1
Project("{FAE04EC0-301F-11D3-BF4B-00C04F79EFBC}") = "Gestor_Tecnico", "Gestor_Tecnico\Gestor_Tecnico.csproj", "{E865AFAC-89C4-42F2-9FF4-59670ED9E5B9}"
EndProject
Global
	GlobalSection(SolutionConfigurationPlatforms) = preSolution
		Debug|Any CPU = Debug|Any CPU
		Release|Any CPU = Release|Any CPU
	EndGlobalSection
	GlobalSection(ProjectConfigurationPlatforms) = postSolution
		{E865AFAC-89C4-42F2-9FF4-59670ED9E5B9}.Debug|Any CPU.ActiveCfg = Debug|Any CPU
		{E865AFAC-89C4-42F2-9FF4-59670ED9E5B9}.Debug|Any CPU.Build.0 = Debug|Any CPU
		{E865AFAC-89C4-42F2-9FF4-59670ED9E5B9}.Release|Any CPU.ActiveCfg = Release|Any CPU
		{E865AFAC-89C4-42F2-9FF4-59670ED9E5B9}.Release|Any CPU.Build.0 = Release|Any CPU
	EndGlobalSection
	GlobalSection(SolutionProperties) = preSolution
		HideSolutionNode = FALSE
	EndGlobalSection
	GlobalSection(ExtensibilityGlobals) = postSolution
		SolutionGuid = {DD9ABC3F-E096-4C31-97E4-2053CAF7B633}
	EndGlobalSection
EndGlobal
